
Microsoft Visual Studio Solution File, Format Version 12.00
# Visual Studio Version 17
VisualStudioVersion = 17.8.34408.163
MinimumVisualStudioVersion = 10.0.40219.1
Project("{FAE04EC0-301F-11D3-BF4B-00C04F79EFBC}") = "HiASPDotNET", "HiASPDotNET\HiASPDotNET.csproj", "{108F79A2-A6C6-4BDA-92C9-D92D4FF46770}"
EndProject
Global
	GlobalSection(SolutionConfigurationPlatforms) = preSolution
		Debug|Any CPU = Debug|Any CPU
		Release|Any CPU = Release|Any CPU
	EndGlobalSection
	GlobalSection(ProjectConfigurationPlatforms) = postSolution
		{108F79A2-A6C6-4BDA-92C9-D92D4FF46770}.Debug|Any CPU.ActiveCfg = Debug|Any CPU
		{108F79A2-A6C6-4BDA-92C9-D92D4FF46770}.Debug|Any CPU.Build.0 = Debug|Any CPU
		{108F79A2-A6C6-4BDA-92C9-D92D4FF46770}.Release|Any CPU.ActiveCfg = Release|Any CPU
		{108F79A2-A6C6-4BDA-92C9-D92D4FF46770}.Release|Any CPU.Build.0 = Release|Any CPU
	EndGlobalSection
	GlobalSection(SolutionProperties) = preSolution
		HideSolutionNode = FALSE
	EndGlobalSection
	GlobalSection(ExtensibilityGlobals) = postSolution
		SolutionGuid = {20E53501-3DCD-4F20-8B5C-BE1764D74297}
	EndGlobalSection
EndGlobal
