
Microsoft Visual Studio Solution File, Format Version 12.00
# Visual Studio Version 17
VisualStudioVersion = 17.8.34408.163
MinimumVisualStudioVersion = 10.0.40219.1
Project("{FAE04EC0-301F-11D3-BF4B-00C04F79EFBC}") = "SkillsTracker", "SkillsTracker\SkillsTracker.csproj", "{9FDCC5CD-6D18-4FF5-9823-D08A63B61359}"
EndProject
Global
	GlobalSection(SolutionConfigurationPlatforms) = preSolution
		Debug|Any CPU = Debug|Any CPU
		Release|Any CPU = Release|Any CPU
	EndGlobalSection
	GlobalSection(ProjectConfigurationPlatforms) = postSolution
		{9FDCC5CD-6D18-4FF5-9823-D08A63B61359}.Debug|Any CPU.ActiveCfg = Debug|Any CPU
		{9FDCC5CD-6D18-4FF5-9823-D08A63B61359}.Debug|Any CPU.Build.0 = Debug|Any CPU
		{9FDCC5CD-6D18-4FF5-9823-D08A63B61359}.Release|Any CPU.ActiveCfg = Release|Any CPU
		{9FDCC5CD-6D18-4FF5-9823-D08A63B61359}.Release|Any CPU.Build.0 = Release|Any CPU
	EndGlobalSection
	GlobalSection(SolutionProperties) = preSolution
		HideSolutionNode = FALSE
	EndGlobalSection
	GlobalSection(ExtensibilityGlobals) = postSolution
		SolutionGuid = {73F703EA-695F-4049-925B-14EA9B7E7F94}
	EndGlobalSection
EndGlobal
