
Microsoft Visual Studio Solution File, Format Version 12.00
# Visual Studio Version 17
VisualStudioVersion = 17.8.34408.163
MinimumVisualStudioVersion = 10.0.40219.1
Project("{FAE04EC0-301F-11D3-BF4B-00C04F79EFBC}") = "ConsoleQuiz", "ConsoleQuiz\ConsoleQuiz.csproj", "{B18690CF-BE2B-4475-92AB-DFB3CE2A919A}"
EndProject
Global
	GlobalSection(SolutionConfigurationPlatforms) = preSolution
		Debug|Any CPU = Debug|Any CPU
		Release|Any CPU = Release|Any CPU
	EndGlobalSection
	GlobalSection(ProjectConfigurationPlatforms) = postSolution
		{B18690CF-BE2B-4475-92AB-DFB3CE2A919A}.Debug|Any CPU.ActiveCfg = Debug|Any CPU
		{B18690CF-BE2B-4475-92AB-DFB3CE2A919A}.Debug|Any CPU.Build.0 = Debug|Any CPU
		{B18690CF-BE2B-4475-92AB-DFB3CE2A919A}.Release|Any CPU.ActiveCfg = Release|Any CPU
		{B18690CF-BE2B-4475-92AB-DFB3CE2A919A}.Release|Any CPU.Build.0 = Release|Any CPU
	EndGlobalSection
	GlobalSection(SolutionProperties) = preSolution
		HideSolutionNode = FALSE
	EndGlobalSection
	GlobalSection(ExtensibilityGlobals) = postSolution
		SolutionGuid = {BD3C903A-4E9E-4CD5-9C2E-8EB1FB5188FC}
	EndGlobalSection
EndGlobal
